
Microsoft Visual Studio Solution File, Format Version 12.00
# Visual Studio Version 17
VisualStudioVersion = 17.0.31903.59
MinimumVisualStudioVersion = 10.0.40219.1
Project("{2150E333-8FDC-42A3-9474-1A3956D46DE8}") = "src", "src", "{5CE15304-7DE3-4364-8824-9B4FB6AC1B33}"
EndProject
Project("{9A19103F-16F7-4668-BE54-9A1E7A4F7556}") = "Sharpener", "src\Sharpener\Sharpener.csproj", "{F59178E7-D54F-44CA-A59A-85C2AC669FE5}"
EndProject
Project("{2150E333-8FDC-42A3-9474-1A3956D46DE8}") = "test", "test", "{8E145172-9460-4629-A2CC-D4268B660326}"
EndProject
Project("{9A19103F-16F7-4668-BE54-9A1E7A4F7556}") = "Sharpener.Tests", "test\Sharpener.Tests\Sharpener.Tests.csproj", "{EF946690-556E-4FB0-897A-EE5B9D3830DA}"
EndProject
Project("{9A19103F-16F7-4668-BE54-9A1E7A4F7556}") = "Sharpener.Json", "src\Sharpener.Json\Sharpener.Json.csproj", "{2D2E484F-8B7A-4620-98ED-52CB8BB5EFEA}"
EndProject
Project("{9A19103F-16F7-4668-BE54-9A1E7A4F7556}") = "Sharpener.Json.Tests", "test\Sharpener.Json.Tests\Sharpener.Json.Tests.csproj", "{B799F863-9382-421A-A283-4D3F7F4D8BC8}"
EndProject
Project("{2150E333-8FDC-42A3-9474-1A3956D46DE8}") = "benchmarks", "benchmarks", "{F18B1D83-3572-4BEF-A4F3-AAFBDD6E6959}"
EndProject
Project("{9A19103F-16F7-4668-BE54-9A1E7A4F7556}") = "Sharpener.Benchmarks", "test\benchmarks\Sharpener.Benchmarks\Sharpener.Benchmarks.csproj", "{40186E82-690E-485B-B20F-40624A0CDA3B}"
EndProject
Project("{9A19103F-16F7-4668-BE54-9A1E7A4F7556}") = "Sharpener.Json.Benchmarks", "test\benchmarks\Sharpener.Json.Benchmarks\Sharpener.Json.Benchmarks.csproj", "{6AD560C4-1FBE-4BBF-B636-7B0B997248B7}"
EndProject
Project("{9A19103F-16F7-4668-BE54-9A1E7A4F7556}") = "Sharpener.Tests.Common", "test\Sharpener.Tests.Common\Sharpener.Tests.Common.csproj", "{DF57A236-96E8-453D-9578-DEE24D7C5AFD}"
EndProject
Global
	GlobalSection(SolutionConfigurationPlatforms) = preSolution
		Debug|Any CPU = Debug|Any CPU
		Release|Any CPU = Release|Any CPU
	EndGlobalSection
	GlobalSection(ProjectConfigurationPlatforms) = postSolution
		{F59178E7-D54F-44CA-A59A-85C2AC669FE5}.Debug|Any CPU.ActiveCfg = Debug|Any CPU
		{F59178E7-D54F-44CA-A59A-85C2AC669FE5}.Debug|Any CPU.Build.0 = Debug|Any CPU
		{F59178E7-D54F-44CA-A59A-85C2AC669FE5}.Release|Any CPU.ActiveCfg = Release|Any CPU
		{F59178E7-D54F-44CA-A59A-85C2AC669FE5}.Release|Any CPU.Build.0 = Release|Any CPU
		{EF946690-556E-4FB0-897A-EE5B9D3830DA}.Debug|Any CPU.ActiveCfg = Debug|Any CPU
		{EF946690-556E-4FB0-897A-EE5B9D3830DA}.Debug|Any CPU.Build.0 = Debug|Any CPU
		{EF946690-556E-4FB0-897A-EE5B9D3830DA}.Release|Any CPU.ActiveCfg = Release|Any CPU
		{EF946690-556E-4FB0-897A-EE5B9D3830DA}.Release|Any CPU.Build.0 = Release|Any CPU
		{2D2E484F-8B7A-4620-98ED-52CB8BB5EFEA}.Debug|Any CPU.ActiveCfg = Debug|Any CPU
		{2D2E484F-8B7A-4620-98ED-52CB8BB5EFEA}.Debug|Any CPU.Build.0 = Debug|Any CPU
		{2D2E484F-8B7A-4620-98ED-52CB8BB5EFEA}.Release|Any CPU.ActiveCfg = Release|Any CPU
		{2D2E484F-8B7A-4620-98ED-52CB8BB5EFEA}.Release|Any CPU.Build.0 = Release|Any CPU
		{B799F863-9382-421A-A283-4D3F7F4D8BC8}.Debug|Any CPU.ActiveCfg = Debug|Any CPU
		{B799F863-9382-421A-A283-4D3F7F4D8BC8}.Debug|Any CPU.Build.0 = Debug|Any CPU
		{B799F863-9382-421A-A283-4D3F7F4D8BC8}.Release|Any CPU.ActiveCfg = Release|Any CPU
		{B799F863-9382-421A-A283-4D3F7F4D8BC8}.Release|Any CPU.Build.0 = Release|Any CPU
		{40186E82-690E-485B-B20F-40624A0CDA3B}.Debug|Any CPU.ActiveCfg = Debug|Any CPU
		{40186E82-690E-485B-B20F-40624A0CDA3B}.Debug|Any CPU.Build.0 = Debug|Any CPU
		{40186E82-690E-485B-B20F-40624A0CDA3B}.Release|Any CPU.ActiveCfg = Release|Any CPU
		{40186E82-690E-485B-B20F-40624A0CDA3B}.Release|Any CPU.Build.0 = Release|Any CPU
		{6AD560C4-1FBE-4BBF-B636-7B0B997248B7}.Debug|Any CPU.ActiveCfg = Debug|Any CPU
		{6AD560C4-1FBE-4BBF-B636-7B0B997248B7}.Debug|Any CPU.Build.0 = Debug|Any CPU
		{6AD560C4-1FBE-4BBF-B636-7B0B997248B7}.Release|Any CPU.ActiveCfg = Release|Any CPU
		{6AD560C4-1FBE-4BBF-B636-7B0B997248B7}.Release|Any CPU.Build.0 = Release|Any CPU
		{DF57A236-96E8-453D-9578-DEE24D7C5AFD}.Debug|Any CPU.ActiveCfg = Debug|Any CPU
		{DF57A236-96E8-453D-9578-DEE24D7C5AFD}.Debug|Any CPU.Build.0 = Debug|Any CPU
		{DF57A236-96E8-453D-9578-DEE24D7C5AFD}.Release|Any CPU.ActiveCfg = Release|Any CPU
		{DF57A236-96E8-453D-9578-DEE24D7C5AFD}.Release|Any CPU.Build.0 = Release|Any CPU
	EndGlobalSection
	GlobalSection(SolutionProperties) = preSolution
		HideSolutionNode = FALSE
	EndGlobalSection
	GlobalSection(NestedProjects) = preSolution
		{F59178E7-D54F-44CA-A59A-85C2AC669FE5} = {5CE15304-7DE3-4364-8824-9B4FB6AC1B33}
		{EF946690-556E-4FB0-897A-EE5B9D3830DA} = {8E145172-9460-4629-A2CC-D4268B660326}
		{2D2E484F-8B7A-4620-98ED-52CB8BB5EFEA} = {5CE15304-7DE3-4364-8824-9B4FB6AC1B33}
		{B799F863-9382-421A-A283-4D3F7F4D8BC8} = {8E145172-9460-4629-A2CC-D4268B660326}
		{F18B1D83-3572-4BEF-A4F3-AAFBDD6E6959} = {8E145172-9460-4629-A2CC-D4268B660326}
		{40186E82-690E-485B-B20F-40624A0CDA3B} = {F18B1D83-3572-4BEF-A4F3-AAFBDD6E6959}
		{6AD560C4-1FBE-4BBF-B636-7B0B997248B7} = {F18B1D83-3572-4BEF-A4F3-AAFBDD6E6959}
		{DF57A236-96E8-453D-9578-DEE24D7C5AFD} = {8E145172-9460-4629-A2CC-D4268B660326}
	EndGlobalSection
	GlobalSection(ExtensibilityGlobals) = postSolution
		SolutionGuid = {6EC5EF6D-4680-43FD-A7AB-2216D5257DF6}
	EndGlobalSection
EndGlobal
